
Microsoft Visual Studio Solution File, Format Version 12.00
# Visual Studio Version 17
VisualStudioVersion = 17.5.002.0
MinimumVisualStudioVersion = 10.0.40219.1
Project("{FAE04EC0-301F-11D3-BF4B-00C04F79EFBC}") = "rv32i-lib", "rv32i-lib\rv32i-lib.csproj", "{F6CE8F54-780B-45EA-BD59-1FE619738DA6}"
EndProject
Project("{FAE04EC0-301F-11D3-BF4B-00C04F79EFBC}") = "demo-exe", "demo-exe\demo-exe.csproj", "{32E3BE94-DEC5-4566-9F16-C1E47618690E}"
EndProject
Project("{FAE04EC0-301F-11D3-BF4B-00C04F79EFBC}") = "rv32i-xunit", "rv32i-xunit\rv32i-xunit.csproj", "{FD49634A-06B0-4496-A031-16880264A819}"
EndProject
Global
	GlobalSection(SolutionConfigurationPlatforms) = preSolution
		Debug|Any CPU = Debug|Any CPU
		Release|Any CPU = Release|Any CPU
	EndGlobalSection
	GlobalSection(ProjectConfigurationPlatforms) = postSolution
		{F6CE8F54-780B-45EA-BD59-1FE619738DA6}.Debug|Any CPU.ActiveCfg = Debug|Any CPU
		{F6CE8F54-780B-45EA-BD59-1FE619738DA6}.Debug|Any CPU.Build.0 = Debug|Any CPU
		{F6CE8F54-780B-45EA-BD59-1FE619738DA6}.Release|Any CPU.ActiveCfg = Release|Any CPU
		{F6CE8F54-780B-45EA-BD59-1FE619738DA6}.Release|Any CPU.Build.0 = Release|Any CPU
		{32E3BE94-DEC5-4566-9F16-C1E47618690E}.Debug|Any CPU.ActiveCfg = Debug|Any CPU
		{32E3BE94-DEC5-4566-9F16-C1E47618690E}.Debug|Any CPU.Build.0 = Debug|Any CPU
		{32E3BE94-DEC5-4566-9F16-C1E47618690E}.Release|Any CPU.ActiveCfg = Release|Any CPU
		{32E3BE94-DEC5-4566-9F16-C1E47618690E}.Release|Any CPU.Build.0 = Release|Any CPU
		{FD49634A-06B0-4496-A031-16880264A819}.Debug|Any CPU.ActiveCfg = Debug|Any CPU
		{FD49634A-06B0-4496-A031-16880264A819}.Debug|Any CPU.Build.0 = Debug|Any CPU
		{FD49634A-06B0-4496-A031-16880264A819}.Release|Any CPU.ActiveCfg = Release|Any CPU
		{FD49634A-06B0-4496-A031-16880264A819}.Release|Any CPU.Build.0 = Release|Any CPU
	EndGlobalSection
	GlobalSection(SolutionProperties) = preSolution
		HideSolutionNode = FALSE
	EndGlobalSection
	GlobalSection(ExtensibilityGlobals) = postSolution
		SolutionGuid = {EB473C9F-FE7A-4820-BC97-2B11C232A640}
	EndGlobalSection
EndGlobal
