
Microsoft Visual Studio Solution File, Format Version 12.00
# Visual Studio Version 17
VisualStudioVersion = 17.5.002.0
MinimumVisualStudioVersion = 10.0.40219.1
Project("{9A19103F-16F7-4668-BE54-9A1E7A4F7556}") = "rv32i-cs", "rv32i-cs.csproj", "{2861722E-9F34-4C26-9163-97AC0E144F91}"
EndProject
Global
	GlobalSection(SolutionConfigurationPlatforms) = preSolution
		Debug|Any CPU = Debug|Any CPU
		Release|Any CPU = Release|Any CPU
	EndGlobalSection
	GlobalSection(ProjectConfigurationPlatforms) = postSolution
		{2861722E-9F34-4C26-9163-97AC0E144F91}.Debug|Any CPU.ActiveCfg = Debug|Any CPU
		{2861722E-9F34-4C26-9163-97AC0E144F91}.Debug|Any CPU.Build.0 = Debug|Any CPU
		{2861722E-9F34-4C26-9163-97AC0E144F91}.Release|Any CPU.ActiveCfg = Release|Any CPU
		{2861722E-9F34-4C26-9163-97AC0E144F91}.Release|Any CPU.Build.0 = Release|Any CPU
	EndGlobalSection
	GlobalSection(SolutionProperties) = preSolution
		HideSolutionNode = FALSE
	EndGlobalSection
	GlobalSection(ExtensibilityGlobals) = postSolution
		SolutionGuid = {EB473C9F-FE7A-4820-BC97-2B11C232A640}
	EndGlobalSection
EndGlobal
